
Microsoft Visual Studio Solution File, Format Version 11.00
# Visual Studio 2010
Project("{FAE04EC0-301F-11D3-BF4B-00C04F79EFBC}") = "WindowsFormsControlLibrary2", "WindowsFormsControlLibrary2\WindowsFormsControlLibrary2.csproj", "{55399006-11C5-439D-9C46-7B7FAC2F8F08}"
EndProject
Project("{FAE04EC0-301F-11D3-BF4B-00C04F79EFBC}") = "WindowsFormsApplication2", "WindowsFormsApplication2\WindowsFormsApplication2.csproj", "{E598EE81-54CA-4260-97CD-829537CA29C2}"
EndProject
Global
	GlobalSection(SolutionConfigurationPlatforms) = preSolution
		Debug|Any CPU = Debug|Any CPU
		Debug|Mixed Platforms = Debug|Mixed Platforms
		Debug|x86 = Debug|x86
		Release|Any CPU = Release|Any CPU
		Release|Mixed Platforms = Release|Mixed Platforms
		Release|x86 = Release|x86
	EndGlobalSection
	GlobalSection(ProjectConfigurationPlatforms) = postSolution
		{55399006-11C5-439D-9C46-7B7FAC2F8F08}.Debug|Any CPU.ActiveCfg = Debug|Any CPU
		{55399006-11C5-439D-9C46-7B7FAC2F8F08}.Debug|Any CPU.Build.0 = Debug|Any CPU
		{55399006-11C5-439D-9C46-7B7FAC2F8F08}.Debug|Mixed Platforms.ActiveCfg = Debug|Any CPU
		{55399006-11C5-439D-9C46-7B7FAC2F8F08}.Debug|Mixed Platforms.Build.0 = Debug|Any CPU
		{55399006-11C5-439D-9C46-7B7FAC2F8F08}.Debug|x86.ActiveCfg = Debug|Any CPU
		{55399006-11C5-439D-9C46-7B7FAC2F8F08}.Release|Any CPU.ActiveCfg = Release|Any CPU
		{55399006-11C5-439D-9C46-7B7FAC2F8F08}.Release|Any CPU.Build.0 = Release|Any CPU
		{55399006-11C5-439D-9C46-7B7FAC2F8F08}.Release|Mixed Platforms.ActiveCfg = Release|Any CPU
		{55399006-11C5-439D-9C46-7B7FAC2F8F08}.Release|Mixed Platforms.Build.0 = Release|Any CPU
		{55399006-11C5-439D-9C46-7B7FAC2F8F08}.Release|x86.ActiveCfg = Release|Any CPU
		{E598EE81-54CA-4260-97CD-829537CA29C2}.Debug|Any CPU.ActiveCfg = Debug|x86
		{E598EE81-54CA-4260-97CD-829537CA29C2}.Debug|Mixed Platforms.ActiveCfg = Debug|x86
		{E598EE81-54CA-4260-97CD-829537CA29C2}.Debug|Mixed Platforms.Build.0 = Debug|x86
		{E598EE81-54CA-4260-97CD-829537CA29C2}.Debug|x86.ActiveCfg = Debug|x86
		{E598EE81-54CA-4260-97CD-829537CA29C2}.Debug|x86.Build.0 = Debug|x86
		{E598EE81-54CA-4260-97CD-829537CA29C2}.Release|Any CPU.ActiveCfg = Release|x86
		{E598EE81-54CA-4260-97CD-829537CA29C2}.Release|Mixed Platforms.ActiveCfg = Release|x86
		{E598EE81-54CA-4260-97CD-829537CA29C2}.Release|Mixed Platforms.Build.0 = Release|x86
		{E598EE81-54CA-4260-97CD-829537CA29C2}.Release|x86.ActiveCfg = Release|x86
		{E598EE81-54CA-4260-97CD-829537CA29C2}.Release|x86.Build.0 = Release|x86
	EndGlobalSection
	GlobalSection(SolutionProperties) = preSolution
		HideSolutionNode = FALSE
	EndGlobalSection
EndGlobal
